// !$*UTF8*$!
{
	archiveVersion = 1;
	classes = {
	};
	objectVersion = 55;
	objects = {

/* Begin PBXBuildFile section */
		A31C3F4428828B96005A6F6E /* SearchBar.swift in Sources */ = {isa = PBXBuildFile; fileRef = A31C3F4328828B96005A6F6E /* SearchBar.swift */; };
		A31C3F472882AC38005A6F6E /* Separator.swift in Sources */ = {isa = PBXBuildFile; fileRef = A31C3F462882AC38005A6F6E /* Separator.swift */; };
		A35DE3A128840A2E00A29BA7 /* HistoryCell.swift in Sources */ = {isa = PBXBuildFile; fileRef = A35DE3A028840A2E00A29BA7 /* HistoryCell.swift */; };
		A38A4C57287E97B900614E94 /* SearchViewController.swift in Sources */ = {isa = PBXBuildFile; fileRef = A38A4C56287E97B900614E94 /* SearchViewController.swift */; };
		A38A4C59287E97CF00614E94 /* SearchDetailViewController.swift in Sources */ = {isa = PBXBuildFile; fileRef = A38A4C58287E97CF00614E94 /* SearchDetailViewController.swift */; };
		B5DB2D66288633E100703587 /* DancerCell.swift in Sources */ = {isa = PBXBuildFile; fileRef = B5DB2D65288633E100703587 /* DancerCell.swift */; };
		C039DCBA287D940F0007951D /* MainTabController.swift in Sources */ = {isa = PBXBuildFile; fileRef = C039DCB9287D940F0007951D /* MainTabController.swift */; };
		C039DCBE287D944C0007951D /* ScheduleViewController.swift in Sources */ = {isa = PBXBuildFile; fileRef = C039DCBD287D944C0007951D /* ScheduleViewController.swift */; };
		C039DCC0287D94630007951D /* SubscriptionViewController.swift in Sources */ = {isa = PBXBuildFile; fileRef = C039DCBF287D94630007951D /* SubscriptionViewController.swift */; };
		C05BF1C9287BC33100C95E1B /* AppDelegate.swift in Sources */ = {isa = PBXBuildFile; fileRef = C05BF1C8287BC33100C95E1B /* AppDelegate.swift */; };
		C05BF1CB287BC33100C95E1B /* SceneDelegate.swift in Sources */ = {isa = PBXBuildFile; fileRef = C05BF1CA287BC33100C95E1B /* SceneDelegate.swift */; };
		C05BF1D2287BC33200C95E1B /* Assets.xcassets in Resources */ = {isa = PBXBuildFile; fileRef = C05BF1D1287BC33200C95E1B /* Assets.xcassets */; };
		C05BF1D5287BC33200C95E1B /* LaunchScreen.storyboard in Resources */ = {isa = PBXBuildFile; fileRef = C05BF1D3287BC33200C95E1B /* LaunchScreen.storyboard */; };
		C05BF1DD287BC60600C95E1B /* MainViewController.swift in Sources */ = {isa = PBXBuildFile; fileRef = C05BF1DC287BC60600C95E1B /* MainViewController.swift */; };
		C05BF1E3287BC7C800C95E1B /* Constant.swift in Sources */ = {isa = PBXBuildFile; fileRef = C05BF1E2287BC7C800C95E1B /* Constant.swift */; };
		C05BF1F1287BC7EF00C95E1B /* UIViewController.swift in Sources */ = {isa = PBXBuildFile; fileRef = C05BF1E6287BC7EF00C95E1B /* UIViewController.swift */; };
		C05BF1F2287BC7EF00C95E1B /* UITextField.swift in Sources */ = {isa = PBXBuildFile; fileRef = C05BF1E7287BC7EF00C95E1B /* UITextField.swift */; };
		C05BF1F3287BC7EF00C95E1B /* UIView.swift in Sources */ = {isa = PBXBuildFile; fileRef = C05BF1E8287BC7EF00C95E1B /* UIView.swift */; };
		C05BF1F4287BC7EF00C95E1B /* UIFont.swift in Sources */ = {isa = PBXBuildFile; fileRef = C05BF1E9287BC7EF00C95E1B /* UIFont.swift */; };
		C05BF1F5287BC7EF00C95E1B /* UIButton.swift in Sources */ = {isa = PBXBuildFile; fileRef = C05BF1EA287BC7EF00C95E1B /* UIButton.swift */; };
		C05BF1F6287BC7EF00C95E1B /* UIApplication.swift in Sources */ = {isa = PBXBuildFile; fileRef = C05BF1EB287BC7EF00C95E1B /* UIApplication.swift */; };
		C05BF1F7287BC7EF00C95E1B /* String.swift in Sources */ = {isa = PBXBuildFile; fileRef = C05BF1EC287BC7EF00C95E1B /* String.swift */; };
		C05BF1F8287BC7EF00C95E1B /* UIImage.swift in Sources */ = {isa = PBXBuildFile; fileRef = C05BF1ED287BC7EF00C95E1B /* UIImage.swift */; };
		C05BF1F9287BC7EF00C95E1B /* Date.swift in Sources */ = {isa = PBXBuildFile; fileRef = C05BF1EE287BC7EF00C95E1B /* Date.swift */; };
		C05BF1FA287BC7EF00C95E1B /* UIColor.swift in Sources */ = {isa = PBXBuildFile; fileRef = C05BF1EF287BC7EF00C95E1B /* UIColor.swift */; };
		C05BF1FB287BC7EF00C95E1B /* UINavigationBar.swift in Sources */ = {isa = PBXBuildFile; fileRef = C05BF1F0287BC7EF00C95E1B /* UINavigationBar.swift */; };
		C05BF1FD287BC88400C95E1B /* IndicatorView.swift in Sources */ = {isa = PBXBuildFile; fileRef = C05BF1FC287BC88400C95E1B /* IndicatorView.swift */; };
		C05BF1FF287BC90900C95E1B /* Device.swift in Sources */ = {isa = PBXBuildFile; fileRef = C05BF1FE287BC90900C95E1B /* Device.swift */; };
		C05BF203287BC99A00C95E1B /* BaseViewController.swift in Sources */ = {isa = PBXBuildFile; fileRef = C05BF202287BC99A00C95E1B /* BaseViewController.swift */; };
		C05BF209287BCAD900C95E1B /* Dancer.swift in Sources */ = {isa = PBXBuildFile; fileRef = C05BF208287BCAD900C95E1B /* Dancer.swift */; };
		C05BF211287BD1E900C95E1B /* NotoSansCJKkr-Bold.otf in Resources */ = {isa = PBXBuildFile; fileRef = C05BF20E287BD1E800C95E1B /* NotoSansCJKkr-Bold.otf */; };
		C05BF212287BD1E900C95E1B /* NotoSansCJKkr-Regular.otf in Resources */ = {isa = PBXBuildFile; fileRef = C05BF20F287BD1E900C95E1B /* NotoSansCJKkr-Regular.otf */; };
		C05BF213287BD1E900C95E1B /* NotoSansCJKkr-Medium.otf in Resources */ = {isa = PBXBuildFile; fileRef = C05BF210287BD1E900C95E1B /* NotoSansCJKkr-Medium.otf */; };
		C07E56DB2886D972000ACE1B /* Dancer.json in Resources */ = {isa = PBXBuildFile; fileRef = C07E56DA2886D972000ACE1B /* Dancer.json */; };
		C07E56DF2886DB84000ACE1B /* DanceClass.json in Resources */ = {isa = PBXBuildFile; fileRef = C07E56DE2886DB84000ACE1B /* DanceClass.json */; };
		C07E5C8D287E6D8B00BDA46D /* DanceClass.swift in Sources */ = {isa = PBXBuildFile; fileRef = C07E5C8C287E6D8B00BDA46D /* DanceClass.swift */; };
		C07E5C8F287E6D9A00BDA46D /* Studio.swift in Sources */ = {isa = PBXBuildFile; fileRef = C07E5C8E287E6D9A00BDA46D /* Studio.swift */; };
		C07E5C91287E707200BDA46D /* Genre.swift in Sources */ = {isa = PBXBuildFile; fileRef = C07E5C90287E707200BDA46D /* Genre.swift */; };
		C08A10B22883BCC1009A38E7 /* MockDataSet.swift in Sources */ = {isa = PBXBuildFile; fileRef = C08A10B12883BCC1009A38E7 /* MockDataSet.swift */; };
		C7CE675E287FF21200C8F137 /* ScheduleButton.swift in Sources */ = {isa = PBXBuildFile; fileRef = C7CE675D287FF21200C8F137 /* ScheduleButton.swift */; };
		C7CE676028807C8E00C8F137 /* WeekdayCell.swift in Sources */ = {isa = PBXBuildFile; fileRef = C7CE675F28807C8E00C8F137 /* WeekdayCell.swift */; };
		C7CE676228814D3C00C8F137 /* Weekday.swift in Sources */ = {isa = PBXBuildFile; fileRef = C7CE676128814D3C00C8F137 /* Weekday.swift */; };
/* End PBXBuildFile section */

/* Begin PBXFileReference section */
		A31C3F4328828B96005A6F6E /* SearchBar.swift */ = {isa = PBXFileReference; lastKnownFileType = sourcecode.swift; path = SearchBar.swift; sourceTree = "<group>"; };
		A31C3F462882AC38005A6F6E /* Separator.swift */ = {isa = PBXFileReference; lastKnownFileType = sourcecode.swift; path = Separator.swift; sourceTree = "<group>"; };
		A35DE3A028840A2E00A29BA7 /* HistoryCell.swift */ = {isa = PBXFileReference; lastKnownFileType = sourcecode.swift; path = HistoryCell.swift; sourceTree = "<group>"; };
		A38A4C56287E97B900614E94 /* SearchViewController.swift */ = {isa = PBXFileReference; lastKnownFileType = sourcecode.swift; path = SearchViewController.swift; sourceTree = "<group>"; };
		A38A4C58287E97CF00614E94 /* SearchDetailViewController.swift */ = {isa = PBXFileReference; lastKnownFileType = sourcecode.swift; path = SearchDetailViewController.swift; sourceTree = "<group>"; };
		B5DB2D65288633E100703587 /* DancerCell.swift */ = {isa = PBXFileReference; lastKnownFileType = sourcecode.swift; path = DancerCell.swift; sourceTree = "<group>"; };
		C039DCB9287D940F0007951D /* MainTabController.swift */ = {isa = PBXFileReference; lastKnownFileType = sourcecode.swift; path = MainTabController.swift; sourceTree = "<group>"; };
		C039DCBD287D944C0007951D /* ScheduleViewController.swift */ = {isa = PBXFileReference; lastKnownFileType = sourcecode.swift; path = ScheduleViewController.swift; sourceTree = "<group>"; };
		C039DCBF287D94630007951D /* SubscriptionViewController.swift */ = {isa = PBXFileReference; lastKnownFileType = sourcecode.swift; path = SubscriptionViewController.swift; sourceTree = "<group>"; };
		C05BF1C5287BC33100C95E1B /* Hypeclass.app */ = {isa = PBXFileReference; explicitFileType = wrapper.application; includeInIndex = 0; path = Hypeclass.app; sourceTree = BUILT_PRODUCTS_DIR; };
		C05BF1C8287BC33100C95E1B /* AppDelegate.swift */ = {isa = PBXFileReference; lastKnownFileType = sourcecode.swift; path = AppDelegate.swift; sourceTree = "<group>"; };
		C05BF1CA287BC33100C95E1B /* SceneDelegate.swift */ = {isa = PBXFileReference; lastKnownFileType = sourcecode.swift; path = SceneDelegate.swift; sourceTree = "<group>"; };
		C05BF1D1287BC33200C95E1B /* Assets.xcassets */ = {isa = PBXFileReference; lastKnownFileType = folder.assetcatalog; path = Assets.xcassets; sourceTree = "<group>"; };
		C05BF1D4287BC33200C95E1B /* Base */ = {isa = PBXFileReference; lastKnownFileType = file.storyboard; name = Base; path = Base.lproj/LaunchScreen.storyboard; sourceTree = "<group>"; };
		C05BF1D6287BC33200C95E1B /* Info.plist */ = {isa = PBXFileReference; lastKnownFileType = text.plist.xml; path = Info.plist; sourceTree = "<group>"; };
		C05BF1DC287BC60600C95E1B /* MainViewController.swift */ = {isa = PBXFileReference; lastKnownFileType = sourcecode.swift; path = MainViewController.swift; sourceTree = "<group>"; };
		C05BF1E2287BC7C800C95E1B /* Constant.swift */ = {isa = PBXFileReference; lastKnownFileType = sourcecode.swift; path = Constant.swift; sourceTree = "<group>"; };
		C05BF1E6287BC7EF00C95E1B /* UIViewController.swift */ = {isa = PBXFileReference; fileEncoding = 4; lastKnownFileType = sourcecode.swift; path = UIViewController.swift; sourceTree = "<group>"; };
		C05BF1E7287BC7EF00C95E1B /* UITextField.swift */ = {isa = PBXFileReference; fileEncoding = 4; lastKnownFileType = sourcecode.swift; path = UITextField.swift; sourceTree = "<group>"; };
		C05BF1E8287BC7EF00C95E1B /* UIView.swift */ = {isa = PBXFileReference; fileEncoding = 4; lastKnownFileType = sourcecode.swift; path = UIView.swift; sourceTree = "<group>"; };
		C05BF1E9287BC7EF00C95E1B /* UIFont.swift */ = {isa = PBXFileReference; fileEncoding = 4; lastKnownFileType = sourcecode.swift; path = UIFont.swift; sourceTree = "<group>"; };
		C05BF1EA287BC7EF00C95E1B /* UIButton.swift */ = {isa = PBXFileReference; fileEncoding = 4; lastKnownFileType = sourcecode.swift; path = UIButton.swift; sourceTree = "<group>"; };
		C05BF1EB287BC7EF00C95E1B /* UIApplication.swift */ = {isa = PBXFileReference; fileEncoding = 4; lastKnownFileType = sourcecode.swift; path = UIApplication.swift; sourceTree = "<group>"; };
		C05BF1EC287BC7EF00C95E1B /* String.swift */ = {isa = PBXFileReference; fileEncoding = 4; lastKnownFileType = sourcecode.swift; path = String.swift; sourceTree = "<group>"; };
		C05BF1ED287BC7EF00C95E1B /* UIImage.swift */ = {isa = PBXFileReference; fileEncoding = 4; lastKnownFileType = sourcecode.swift; path = UIImage.swift; sourceTree = "<group>"; };
		C05BF1EE287BC7EF00C95E1B /* Date.swift */ = {isa = PBXFileReference; fileEncoding = 4; lastKnownFileType = sourcecode.swift; path = Date.swift; sourceTree = "<group>"; };
		C05BF1EF287BC7EF00C95E1B /* UIColor.swift */ = {isa = PBXFileReference; fileEncoding = 4; lastKnownFileType = sourcecode.swift; path = UIColor.swift; sourceTree = "<group>"; };
		C05BF1F0287BC7EF00C95E1B /* UINavigationBar.swift */ = {isa = PBXFileReference; fileEncoding = 4; lastKnownFileType = sourcecode.swift; path = UINavigationBar.swift; sourceTree = "<group>"; };
		C05BF1FC287BC88400C95E1B /* IndicatorView.swift */ = {isa = PBXFileReference; fileEncoding = 4; lastKnownFileType = sourcecode.swift; path = IndicatorView.swift; sourceTree = "<group>"; };
		C05BF1FE287BC90900C95E1B /* Device.swift */ = {isa = PBXFileReference; fileEncoding = 4; lastKnownFileType = sourcecode.swift; path = Device.swift; sourceTree = "<group>"; };
		C05BF202287BC99A00C95E1B /* BaseViewController.swift */ = {isa = PBXFileReference; lastKnownFileType = sourcecode.swift; path = BaseViewController.swift; sourceTree = "<group>"; };
		C05BF208287BCAD900C95E1B /* Dancer.swift */ = {isa = PBXFileReference; lastKnownFileType = sourcecode.swift; path = Dancer.swift; sourceTree = "<group>"; };
		C05BF20E287BD1E800C95E1B /* NotoSansCJKkr-Bold.otf */ = {isa = PBXFileReference; lastKnownFileType = file; path = "NotoSansCJKkr-Bold.otf"; sourceTree = "<group>"; };
		C05BF20F287BD1E900C95E1B /* NotoSansCJKkr-Regular.otf */ = {isa = PBXFileReference; lastKnownFileType = file; path = "NotoSansCJKkr-Regular.otf"; sourceTree = "<group>"; };
		C05BF210287BD1E900C95E1B /* NotoSansCJKkr-Medium.otf */ = {isa = PBXFileReference; lastKnownFileType = file; path = "NotoSansCJKkr-Medium.otf"; sourceTree = "<group>"; };
		C07E56DA2886D972000ACE1B /* Dancer.json */ = {isa = PBXFileReference; fileEncoding = 4; lastKnownFileType = text.json; path = Dancer.json; sourceTree = "<group>"; };
		C07E56DE2886DB84000ACE1B /* DanceClass.json */ = {isa = PBXFileReference; fileEncoding = 4; lastKnownFileType = text.json; path = DanceClass.json; sourceTree = "<group>"; };
		C07E5C8C287E6D8B00BDA46D /* DanceClass.swift */ = {isa = PBXFileReference; lastKnownFileType = sourcecode.swift; path = DanceClass.swift; sourceTree = "<group>"; };
		C07E5C8E287E6D9A00BDA46D /* Studio.swift */ = {isa = PBXFileReference; lastKnownFileType = sourcecode.swift; path = Studio.swift; sourceTree = "<group>"; };
		C07E5C90287E707200BDA46D /* Genre.swift */ = {isa = PBXFileReference; lastKnownFileType = sourcecode.swift; path = Genre.swift; sourceTree = "<group>"; };
		C08A10B12883BCC1009A38E7 /* MockDataSet.swift */ = {isa = PBXFileReference; lastKnownFileType = sourcecode.swift; path = MockDataSet.swift; sourceTree = "<group>"; };
		C7CE675D287FF21200C8F137 /* ScheduleButton.swift */ = {isa = PBXFileReference; lastKnownFileType = sourcecode.swift; path = ScheduleButton.swift; sourceTree = "<group>"; };
		C7CE675F28807C8E00C8F137 /* WeekdayCell.swift */ = {isa = PBXFileReference; lastKnownFileType = sourcecode.swift; path = WeekdayCell.swift; sourceTree = "<group>"; };
		C7CE676128814D3C00C8F137 /* Weekday.swift */ = {isa = PBXFileReference; lastKnownFileType = sourcecode.swift; path = Weekday.swift; sourceTree = "<group>"; };
/* End PBXFileReference section */

/* Begin PBXFrameworksBuildPhase section */
		C05BF1C2287BC33100C95E1B /* Frameworks */ = {
			isa = PBXFrameworksBuildPhase;
			buildActionMask = 2147483647;
			files = (
			);
			runOnlyForDeploymentPostprocessing = 0;
		};
/* End PBXFrameworksBuildPhase section */

/* Begin PBXGroup section */
		A31C3F452882ABD3005A6F6E /* ReusableComponent */ = {
			isa = PBXGroup;
			children = (
				A31C3F4328828B96005A6F6E /* SearchBar.swift */,
				A31C3F462882AC38005A6F6E /* Separator.swift */,
			);
			path = ReusableComponent;
			sourceTree = "<group>";
		};
		A3F1BE4D2887BB0700EEDB67 /* Search */ = {
			isa = PBXGroup;
			children = (
				A38A4C56287E97B900614E94 /* SearchViewController.swift */,
				A38A4C58287E97CF00614E94 /* SearchDetailViewController.swift */,
				A35DE3A028840A2E00A29BA7 /* HistoryCell.swift */,
			);
			path = Search;
			sourceTree = "<group>";
		};
		C039DCBB287D941C0007951D /* Subscription */ = {
			isa = PBXGroup;
			children = (
				C039DCBF287D94630007951D /* SubscriptionViewController.swift */,
				B5DB2D65288633E100703587 /* DancerCell.swift */,
			);
			path = Subscription;
			sourceTree = "<group>";
		};
		C039DCBC287D941E0007951D /* Schedule */ = {
			isa = PBXGroup;
			children = (
				C039DCBD287D944C0007951D /* ScheduleViewController.swift */,
				C7CE675D287FF21200C8F137 /* ScheduleButton.swift */,
				C7CE675F28807C8E00C8F137 /* WeekdayCell.swift */,
			);
			path = Schedule;
			sourceTree = "<group>";
		};
		C05BF1BC287BC33100C95E1B = {
			isa = PBXGroup;
			children = (
				C05BF1C7287BC33100C95E1B /* Hypeclass */,
				C05BF1C6287BC33100C95E1B /* Products */,
			);
			sourceTree = "<group>";
		};
		C05BF1C6287BC33100C95E1B /* Products */ = {
			isa = PBXGroup;
			children = (
				C05BF1C5287BC33100C95E1B /* Hypeclass.app */,
			);
			name = Products;
			sourceTree = "<group>";
		};
		C05BF1C7287BC33100C95E1B /* Hypeclass */ = {
			isa = PBXGroup;
			children = (
				C05BF1DE287BC79600C95E1B /* Config */,
				C05BF1E4287BC7D300C95E1B /* Util */,
				C05BF207287BCAC600C95E1B /* Model */,
				C05BF206287BCA9E00C95E1B /* API */,
				C05BF20A287BCF7F00C95E1B /* Source */,
				C05BF1C8287BC33100C95E1B /* AppDelegate.swift */,
				C05BF1CA287BC33100C95E1B /* SceneDelegate.swift */,
				C05BF1D1287BC33200C95E1B /* Assets.xcassets */,
				C05BF1D3287BC33200C95E1B /* LaunchScreen.storyboard */,
				C05BF1D6287BC33200C95E1B /* Info.plist */,
			);
			path = Hypeclass;
			sourceTree = "<group>";
		};
		C05BF1DE287BC79600C95E1B /* Config */ = {
			isa = PBXGroup;
			children = (
				A31C3F452882ABD3005A6F6E /* ReusableComponent */,
				C05BF1E0287BC7A300C95E1B /* Base */,
				C05BF1DF287BC79D00C95E1B /* Font */,
			);
			path = Config;
			sourceTree = "<group>";
		};
		C05BF1DF287BC79D00C95E1B /* Font */ = {
			isa = PBXGroup;
			children = (
				C05BF20E287BD1E800C95E1B /* NotoSansCJKkr-Bold.otf */,
				C05BF210287BD1E900C95E1B /* NotoSansCJKkr-Medium.otf */,
				C05BF20F287BD1E900C95E1B /* NotoSansCJKkr-Regular.otf */,
			);
			path = Font;
			sourceTree = "<group>";
		};
		C05BF1E0287BC7A300C95E1B /* Base */ = {
			isa = PBXGroup;
			children = (
				C05BF202287BC99A00C95E1B /* BaseViewController.swift */,
			);
			path = Base;
			sourceTree = "<group>";
		};
		C05BF1E4287BC7D300C95E1B /* Util */ = {
			isa = PBXGroup;
			children = (
				C05BF1FC287BC88400C95E1B /* IndicatorView.swift */,
				C05BF1FE287BC90900C95E1B /* Device.swift */,
				C05BF1E5287BC7DB00C95E1B /* Extension */,
			);
			path = Util;
			sourceTree = "<group>";
		};
		C05BF1E5287BC7DB00C95E1B /* Extension */ = {
			isa = PBXGroup;
			children = (
				C05BF1EE287BC7EF00C95E1B /* Date.swift */,
				C05BF1EC287BC7EF00C95E1B /* String.swift */,
				C05BF1EB287BC7EF00C95E1B /* UIApplication.swift */,
				C05BF1EA287BC7EF00C95E1B /* UIButton.swift */,
				C05BF1EF287BC7EF00C95E1B /* UIColor.swift */,
				C05BF1E9287BC7EF00C95E1B /* UIFont.swift */,
				C05BF1ED287BC7EF00C95E1B /* UIImage.swift */,
				C05BF1F0287BC7EF00C95E1B /* UINavigationBar.swift */,
				C05BF1E7287BC7EF00C95E1B /* UITextField.swift */,
				C05BF1E8287BC7EF00C95E1B /* UIView.swift */,
				C05BF1E6287BC7EF00C95E1B /* UIViewController.swift */,
			);
			path = Extension;
			sourceTree = "<group>";
		};
		C05BF206287BCA9E00C95E1B /* API */ = {
			isa = PBXGroup;
			children = (
				C05BF1E2287BC7C800C95E1B /* Constant.swift */,
			);
			path = API;
			sourceTree = "<group>";
		};
		C05BF207287BCAC600C95E1B /* Model */ = {
			isa = PBXGroup;
			children = (
				C05BF208287BCAD900C95E1B /* Dancer.swift */,
				C07E56DA2886D972000ACE1B /* Dancer.json */,
				C07E5C8C287E6D8B00BDA46D /* DanceClass.swift */,
				C07E56DE2886DB84000ACE1B /* DanceClass.json */,
				C07E5C8E287E6D9A00BDA46D /* Studio.swift */,
				C07E5C90287E707200BDA46D /* Genre.swift */,
				C7CE676128814D3C00C8F137 /* Weekday.swift */,
				C08A10B12883BCC1009A38E7 /* MockDataSet.swift */,
			);
			path = Model;
			sourceTree = "<group>";
		};
		C05BF20A287BCF7F00C95E1B /* Source */ = {
			isa = PBXGroup;
			children = (
				C039DCB9287D940F0007951D /* MainTabController.swift */,
				C039DCBC287D941E0007951D /* Schedule */,
				C039DCBB287D941C0007951D /* Subscription */,
				A3F1BE4D2887BB0700EEDB67 /* Search */,
				C05BF20B287BCF9A00C95E1B /* Main */,
			);
			path = Source;
			sourceTree = "<group>";
		};
		C05BF20B287BCF9A00C95E1B /* Main */ = {
			isa = PBXGroup;
			children = (
				C05BF1DC287BC60600C95E1B /* MainViewController.swift */,
			);
			path = Main;
			sourceTree = "<group>";
		};
/* End PBXGroup section */

/* Begin PBXNativeTarget section */
		C05BF1C4287BC33100C95E1B /* Hypeclass */ = {
			isa = PBXNativeTarget;
			buildConfigurationList = C05BF1D9287BC33200C95E1B /* Build configuration list for PBXNativeTarget "Hypeclass" */;
			buildPhases = (
				C05BF1C1287BC33100C95E1B /* Sources */,
				C05BF1C2287BC33100C95E1B /* Frameworks */,
				C05BF1C3287BC33100C95E1B /* Resources */,
			);
			buildRules = (
			);
			dependencies = (
			);
			name = Hypeclass;
			productName = Hypeclass;
			productReference = C05BF1C5287BC33100C95E1B /* Hypeclass.app */;
			productType = "com.apple.product-type.application";
		};
/* End PBXNativeTarget section */

/* Begin PBXProject section */
		C05BF1BD287BC33100C95E1B /* Project object */ = {
			isa = PBXProject;
			attributes = {
				BuildIndependentTargetsInParallel = 1;
				LastSwiftUpdateCheck = 1340;
				LastUpgradeCheck = 1340;
				TargetAttributes = {
					C05BF1C4287BC33100C95E1B = {
						CreatedOnToolsVersion = 13.4.1;
					};
				};
			};
			buildConfigurationList = C05BF1C0287BC33100C95E1B /* Build configuration list for PBXProject "Hypeclass" */;
			compatibilityVersion = "Xcode 13.0";
			developmentRegion = en;
			hasScannedForEncodings = 0;
			knownRegions = (
				en,
				Base,
			);
			mainGroup = C05BF1BC287BC33100C95E1B;
			productRefGroup = C05BF1C6287BC33100C95E1B /* Products */;
			projectDirPath = "";
			projectRoot = "";
			targets = (
				C05BF1C4287BC33100C95E1B /* Hypeclass */,
			);
		};
/* End PBXProject section */

/* Begin PBXResourcesBuildPhase section */
		C05BF1C3287BC33100C95E1B /* Resources */ = {
			isa = PBXResourcesBuildPhase;
			buildActionMask = 2147483647;
			files = (
				C07E56DB2886D972000ACE1B /* Dancer.json in Resources */,
				C05BF1D5287BC33200C95E1B /* LaunchScreen.storyboard in Resources */,
				C05BF212287BD1E900C95E1B /* NotoSansCJKkr-Regular.otf in Resources */,
				C05BF1D2287BC33200C95E1B /* Assets.xcassets in Resources */,
				C07E56DF2886DB84000ACE1B /* DanceClass.json in Resources */,
				C05BF211287BD1E900C95E1B /* NotoSansCJKkr-Bold.otf in Resources */,
				C05BF213287BD1E900C95E1B /* NotoSansCJKkr-Medium.otf in Resources */,
			);
			runOnlyForDeploymentPostprocessing = 0;
		};
/* End PBXResourcesBuildPhase section */

/* Begin PBXSourcesBuildPhase section */
		C05BF1C1287BC33100C95E1B /* Sources */ = {
			isa = PBXSourcesBuildPhase;
			buildActionMask = 2147483647;
			files = (
				C05BF1DD287BC60600C95E1B /* MainViewController.swift in Sources */,
				C05BF1FA287BC7EF00C95E1B /* UIColor.swift in Sources */,
				C7CE676028807C8E00C8F137 /* WeekdayCell.swift in Sources */,
				C039DCBA287D940F0007951D /* MainTabController.swift in Sources */,
				C07E5C8D287E6D8B00BDA46D /* DanceClass.swift in Sources */,
				B5DB2D66288633E100703587 /* DancerCell.swift in Sources */,
				C05BF1F7287BC7EF00C95E1B /* String.swift in Sources */,
				C05BF1FF287BC90900C95E1B /* Device.swift in Sources */,
				C05BF1C9287BC33100C95E1B /* AppDelegate.swift in Sources */,
				C05BF203287BC99A00C95E1B /* BaseViewController.swift in Sources */,
				C05BF1CB287BC33100C95E1B /* SceneDelegate.swift in Sources */,
				C05BF209287BCAD900C95E1B /* Dancer.swift in Sources */,
				C039DCBE287D944C0007951D /* ScheduleViewController.swift in Sources */,
				C05BF1F3287BC7EF00C95E1B /* UIView.swift in Sources */,
				C05BF1FD287BC88400C95E1B /* IndicatorView.swift in Sources */,
				C05BF1F4287BC7EF00C95E1B /* UIFont.swift in Sources */,
				A38A4C57287E97B900614E94 /* SearchViewController.swift in Sources */,
				C05BF1E3287BC7C800C95E1B /* Constant.swift in Sources */,
				C08A10B22883BCC1009A38E7 /* MockDataSet.swift in Sources */,
				A31C3F472882AC38005A6F6E /* Separator.swift in Sources */,
				A31C3F4428828B96005A6F6E /* SearchBar.swift in Sources */,
				C07E5C8F287E6D9A00BDA46D /* Studio.swift in Sources */,
				C05BF1F1287BC7EF00C95E1B /* UIViewController.swift in Sources */,
				C05BF1FB287BC7EF00C95E1B /* UINavigationBar.swift in Sources */,
				C05BF1F2287BC7EF00C95E1B /* UITextField.swift in Sources */,
				C07E5C91287E707200BDA46D /* Genre.swift in Sources */,
				C05BF1F8287BC7EF00C95E1B /* UIImage.swift in Sources */,
				C7CE676228814D3C00C8F137 /* Weekday.swift in Sources */,
				C039DCC0287D94630007951D /* SubscriptionViewController.swift in Sources */,
				C05BF1F6287BC7EF00C95E1B /* UIApplication.swift in Sources */,
				C05BF1F9287BC7EF00C95E1B /* Date.swift in Sources */,
				A38A4C59287E97CF00614E94 /* SearchDetailViewController.swift in Sources */,
				C7CE675E287FF21200C8F137 /* ScheduleButton.swift in Sources */,
				A35DE3A128840A2E00A29BA7 /* HistoryCell.swift in Sources */,
				C05BF1F5287BC7EF00C95E1B /* UIButton.swift in Sources */,
			);
			runOnlyForDeploymentPostprocessing = 0;
		};
/* End PBXSourcesBuildPhase section */

/* Begin PBXVariantGroup section */
		C05BF1D3287BC33200C95E1B /* LaunchScreen.storyboard */ = {
			isa = PBXVariantGroup;
			children = (
				C05BF1D4287BC33200C95E1B /* Base */,
			);
			name = LaunchScreen.storyboard;
			sourceTree = "<group>";
		};
/* End PBXVariantGroup section */

/* Begin XCBuildConfiguration section */
		C05BF1D7287BC33200C95E1B /* Debug */ = {
			isa = XCBuildConfiguration;
			buildSettings = {
				ALWAYS_SEARCH_USER_PATHS = NO;
				CLANG_ANALYZER_NONNULL = YES;
				CLANG_ANALYZER_NUMBER_OBJECT_CONVERSION = YES_AGGRESSIVE;
				CLANG_CXX_LANGUAGE_STANDARD = "gnu++17";
				CLANG_ENABLE_MODULES = YES;
				CLANG_ENABLE_OBJC_ARC = YES;
				CLANG_ENABLE_OBJC_WEAK = YES;
				CLANG_WARN_BLOCK_CAPTURE_AUTORELEASING = YES;
				CLANG_WARN_BOOL_CONVERSION = YES;
				CLANG_WARN_COMMA = YES;
				CLANG_WARN_CONSTANT_CONVERSION = YES;
				CLANG_WARN_DEPRECATED_OBJC_IMPLEMENTATIONS = YES;
				CLANG_WARN_DIRECT_OBJC_ISA_USAGE = YES_ERROR;
				CLANG_WARN_DOCUMENTATION_COMMENTS = YES;
				CLANG_WARN_EMPTY_BODY = YES;
				CLANG_WARN_ENUM_CONVERSION = YES;
				CLANG_WARN_INFINITE_RECURSION = YES;
				CLANG_WARN_INT_CONVERSION = YES;
				CLANG_WARN_NON_LITERAL_NULL_CONVERSION = YES;
				CLANG_WARN_OBJC_IMPLICIT_RETAIN_SELF = YES;
				CLANG_WARN_OBJC_LITERAL_CONVERSION = YES;
				CLANG_WARN_OBJC_ROOT_CLASS = YES_ERROR;
				CLANG_WARN_QUOTED_INCLUDE_IN_FRAMEWORK_HEADER = YES;
				CLANG_WARN_RANGE_LOOP_ANALYSIS = YES;
				CLANG_WARN_STRICT_PROTOTYPES = YES;
				CLANG_WARN_SUSPICIOUS_MOVE = YES;
				CLANG_WARN_UNGUARDED_AVAILABILITY = YES_AGGRESSIVE;
				CLANG_WARN_UNREACHABLE_CODE = YES;
				CLANG_WARN__DUPLICATE_METHOD_MATCH = YES;
				COPY_PHASE_STRIP = NO;
				DEBUG_INFORMATION_FORMAT = dwarf;
				ENABLE_STRICT_OBJC_MSGSEND = YES;
				ENABLE_TESTABILITY = YES;
				GCC_C_LANGUAGE_STANDARD = gnu11;
				GCC_DYNAMIC_NO_PIC = NO;
				GCC_NO_COMMON_BLOCKS = YES;
				GCC_OPTIMIZATION_LEVEL = 0;
				GCC_PREPROCESSOR_DEFINITIONS = (
					"DEBUG=1",
					"$(inherited)",
				);
				GCC_WARN_64_TO_32_BIT_CONVERSION = YES;
				GCC_WARN_ABOUT_RETURN_TYPE = YES_ERROR;
				GCC_WARN_UNDECLARED_SELECTOR = YES;
				GCC_WARN_UNINITIALIZED_AUTOS = YES_AGGRESSIVE;
				GCC_WARN_UNUSED_FUNCTION = YES;
				GCC_WARN_UNUSED_VARIABLE = YES;
				IPHONEOS_DEPLOYMENT_TARGET = 15.0;
				MTL_ENABLE_DEBUG_INFO = INCLUDE_SOURCE;
				MTL_FAST_MATH = YES;
				ONLY_ACTIVE_ARCH = YES;
				SDKROOT = iphoneos;
				SWIFT_ACTIVE_COMPILATION_CONDITIONS = DEBUG;
				SWIFT_OPTIMIZATION_LEVEL = "-Onone";
			};
			name = Debug;
		};
		C05BF1D8287BC33200C95E1B /* Release */ = {
			isa = XCBuildConfiguration;
			buildSettings = {
				ALWAYS_SEARCH_USER_PATHS = NO;
				CLANG_ANALYZER_NONNULL = YES;
				CLANG_ANALYZER_NUMBER_OBJECT_CONVERSION = YES_AGGRESSIVE;
				CLANG_CXX_LANGUAGE_STANDARD = "gnu++17";
				CLANG_ENABLE_MODULES = YES;
				CLANG_ENABLE_OBJC_ARC = YES;
				CLANG_ENABLE_OBJC_WEAK = YES;
				CLANG_WARN_BLOCK_CAPTURE_AUTORELEASING = YES;
				CLANG_WARN_BOOL_CONVERSION = YES;
				CLANG_WARN_COMMA = YES;
				CLANG_WARN_CONSTANT_CONVERSION = YES;
				CLANG_WARN_DEPRECATED_OBJC_IMPLEMENTATIONS = YES;
				CLANG_WARN_DIRECT_OBJC_ISA_USAGE = YES_ERROR;
				CLANG_WARN_DOCUMENTATION_COMMENTS = YES;
				CLANG_WARN_EMPTY_BODY = YES;
				CLANG_WARN_ENUM_CONVERSION = YES;
				CLANG_WARN_INFINITE_RECURSION = YES;
				CLANG_WARN_INT_CONVERSION = YES;
				CLANG_WARN_NON_LITERAL_NULL_CONVERSION = YES;
				CLANG_WARN_OBJC_IMPLICIT_RETAIN_SELF = YES;
				CLANG_WARN_OBJC_LITERAL_CONVERSION = YES;
				CLANG_WARN_OBJC_ROOT_CLASS = YES_ERROR;
				CLANG_WARN_QUOTED_INCLUDE_IN_FRAMEWORK_HEADER = YES;
				CLANG_WARN_RANGE_LOOP_ANALYSIS = YES;
				CLANG_WARN_STRICT_PROTOTYPES = YES;
				CLANG_WARN_SUSPICIOUS_MOVE = YES;
				CLANG_WARN_UNGUARDED_AVAILABILITY = YES_AGGRESSIVE;
				CLANG_WARN_UNREACHABLE_CODE = YES;
				CLANG_WARN__DUPLICATE_METHOD_MATCH = YES;
				COPY_PHASE_STRIP = NO;
				DEBUG_INFORMATION_FORMAT = "dwarf-with-dsym";
				ENABLE_NS_ASSERTIONS = NO;
				ENABLE_STRICT_OBJC_MSGSEND = YES;
				GCC_C_LANGUAGE_STANDARD = gnu11;
				GCC_NO_COMMON_BLOCKS = YES;
				GCC_WARN_64_TO_32_BIT_CONVERSION = YES;
				GCC_WARN_ABOUT_RETURN_TYPE = YES_ERROR;
				GCC_WARN_UNDECLARED_SELECTOR = YES;
				GCC_WARN_UNINITIALIZED_AUTOS = YES_AGGRESSIVE;
				GCC_WARN_UNUSED_FUNCTION = YES;
				GCC_WARN_UNUSED_VARIABLE = YES;
				IPHONEOS_DEPLOYMENT_TARGET = 15.0;
				MTL_ENABLE_DEBUG_INFO = NO;
				MTL_FAST_MATH = YES;
				SDKROOT = iphoneos;
				SWIFT_COMPILATION_MODE = wholemodule;
				SWIFT_OPTIMIZATION_LEVEL = "-O";
				VALIDATE_PRODUCT = YES;
			};
			name = Release;
		};
		C05BF1DA287BC33200C95E1B /* Debug */ = {
			isa = XCBuildConfiguration;
			buildSettings = {
				ASSETCATALOG_COMPILER_APPICON_NAME = AppIcon;
				ASSETCATALOG_COMPILER_GLOBAL_ACCENT_COLOR_NAME = AccentColor;
				CODE_SIGN_STYLE = Automatic;
				CURRENT_PROJECT_VERSION = 1;
				DEVELOPMENT_TEAM = HY8Y957QK3;
				GENERATE_INFOPLIST_FILE = YES;
				INFOPLIST_FILE = Hypeclass/Info.plist;
				INFOPLIST_KEY_UIApplicationSupportsIndirectInputEvents = YES;
				INFOPLIST_KEY_UILaunchStoryboardName = LaunchScreen;
				INFOPLIST_KEY_UIMainStoryboardFile = LaunchScreen;
				INFOPLIST_KEY_UISupportedInterfaceOrientations = UIInterfaceOrientationPortrait;
				INFOPLIST_KEY_UISupportedInterfaceOrientations_iPad = "UIInterfaceOrientationPortrait UIInterfaceOrientationPortraitUpsideDown UIInterfaceOrientationLandscapeLeft UIInterfaceOrientationLandscapeRight";
				INFOPLIST_KEY_UISupportedInterfaceOrientations_iPhone = "UIInterfaceOrientationPortrait UIInterfaceOrientationLandscapeLeft UIInterfaceOrientationLandscapeRight";
				INFOPLIST_KEY_UIUserInterfaceStyle = Dark;
				IPHONEOS_DEPLOYMENT_TARGET = 15.0;
				LD_RUNPATH_SEARCH_PATHS = (
					"$(inherited)",
					"@executable_path/Frameworks",
				);
				MARKETING_VERSION = 1.0;
				PRODUCT_BUNDLE_IDENTIFIER = com.gongtae.Hypeclass;
				PRODUCT_NAME = "$(TARGET_NAME)";
				SWIFT_EMIT_LOC_STRINGS = YES;
				SWIFT_VERSION = 5.0;
				TARGETED_DEVICE_FAMILY = 1;
			};
			name = Debug;
		};
		C05BF1DB287BC33200C95E1B /* Release */ = {
			isa = XCBuildConfiguration;
			buildSettings = {
				ASSETCATALOG_COMPILER_APPICON_NAME = AppIcon;
				ASSETCATALOG_COMPILER_GLOBAL_ACCENT_COLOR_NAME = AccentColor;
				CODE_SIGN_STYLE = Automatic;
				CURRENT_PROJECT_VERSION = 1;
				DEVELOPMENT_TEAM = HY8Y957QK3;
				GENERATE_INFOPLIST_FILE = YES;
				INFOPLIST_FILE = Hypeclass/Info.plist;
				INFOPLIST_KEY_UIApplicationSupportsIndirectInputEvents = YES;
				INFOPLIST_KEY_UILaunchStoryboardName = LaunchScreen;
				INFOPLIST_KEY_UIMainStoryboardFile = LaunchScreen;
				INFOPLIST_KEY_UISupportedInterfaceOrientations = UIInterfaceOrientationPortrait;
				INFOPLIST_KEY_UISupportedInterfaceOrientations_iPad = "UIInterfaceOrientationPortrait UIInterfaceOrientationPortraitUpsideDown UIInterfaceOrientationLandscapeLeft UIInterfaceOrientationLandscapeRight";
				INFOPLIST_KEY_UISupportedInterfaceOrientations_iPhone = "UIInterfaceOrientationPortrait UIInterfaceOrientationLandscapeLeft UIInterfaceOrientationLandscapeRight";
				INFOPLIST_KEY_UIUserInterfaceStyle = Dark;
				IPHONEOS_DEPLOYMENT_TARGET = 15.0;
				LD_RUNPATH_SEARCH_PATHS = (
					"$(inherited)",
					"@executable_path/Frameworks",
				);
				MARKETING_VERSION = 1.0;
				PRODUCT_BUNDLE_IDENTIFIER = com.gongtae.Hypeclass;
				PRODUCT_NAME = "$(TARGET_NAME)";
				SWIFT_EMIT_LOC_STRINGS = YES;
				SWIFT_VERSION = 5.0;
				TARGETED_DEVICE_FAMILY = 1;
			};
			name = Release;
		};
/* End XCBuildConfiguration section */

/* Begin XCConfigurationList section */
		C05BF1C0287BC33100C95E1B /* Build configuration list for PBXProject "Hypeclass" */ = {
			isa = XCConfigurationList;
			buildConfigurations = (
				C05BF1D7287BC33200C95E1B /* Debug */,
				C05BF1D8287BC33200C95E1B /* Release */,
			);
			defaultConfigurationIsVisible = 0;
			defaultConfigurationName = Release;
		};
		C05BF1D9287BC33200C95E1B /* Build configuration list for PBXNativeTarget "Hypeclass" */ = {
			isa = XCConfigurationList;
			buildConfigurations = (
				C05BF1DA287BC33200C95E1B /* Debug */,
				C05BF1DB287BC33200C95E1B /* Release */,
			);
			defaultConfigurationIsVisible = 0;
			defaultConfigurationName = Release;
		};
/* End XCConfigurationList section */
	};
	rootObject = C05BF1BD287BC33100C95E1B /* Project object */;
}
